
Microsoft Visual Studio Solution File, Format Version 12.00
# Visual Studio Version 17
VisualStudioVersion = 17.0.31903.59
MinimumVisualStudioVersion = 10.0.40219.1
Project("{2150E333-8FDC-42A3-9474-1A3956D46DE8}") = "src", "src", "{827E0CD3-B72D-47B6-A68D-7590B98EB39B}"
EndProject
Project("{2150E333-8FDC-42A3-9474-1A3956D46DE8}") = "SecurityService", "SecurityService", "{108265AA-95DA-60A3-7433-73B388B13BEB}"
EndProject
Project("{2150E333-8FDC-42A3-9474-1A3956D46DE8}") = "Application", "Application", "{7A92154E-FEE7-2902-952E-022BB85539D7}"
EndProject
Project("{FAE04EC0-301F-11D3-BF4B-00C04F79EFBC}") = "SecurityService.Application", "src\SecurityService\Application\SecurityService.Application\SecurityService.Application.csproj", "{68AA6086-F146-487D-A990-BE210D15E98D}"
EndProject
Project("{2150E333-8FDC-42A3-9474-1A3956D46DE8}") = "Domain", "Domain", "{3F9DB1AE-FD9E-3294-65A4-7AED3A84D593}"
EndProject
Project("{FAE04EC0-301F-11D3-BF4B-00C04F79EFBC}") = "SecurityService.Domain", "src\SecurityService\Domain\SecurityService.Domain\SecurityService.Domain.csproj", "{8356DF1F-C486-4C1C-BA19-C04323537904}"
EndProject
Project("{FAE04EC0-301F-11D3-BF4B-00C04F79EFBC}") = "SecurityService.Domain.Interfaces", "src\SecurityService\Domain\SecurityService.Domain.Interfaces\SecurityService.Domain.Interfaces.csproj", "{CF180FAE-7E66-40CF-BEE6-E7CFFFCCCBA9}"
EndProject
Project("{2150E333-8FDC-42A3-9474-1A3956D46DE8}") = "Infrastructure", "Infrastructure", "{4D4E214C-F2A9-B5F6-D9EE-2B3E9B778915}"
EndProject
Project("{FAE04EC0-301F-11D3-BF4B-00C04F79EFBC}") = "SecurityService.Infrastructure", "src\SecurityService\Infrastructure\SecurityService.Infrastructure\SecurityService.Infrastructure.csproj", "{9013B3BE-11A7-4A0A-BFB8-0DACF8FAD414}"
EndProject
Project("{FAE04EC0-301F-11D3-BF4B-00C04F79EFBC}") = "SecurityService.Infrastructure.EntityFramework", "src\SecurityService\Infrastructure\SecurityService.Infrastructure.EntityFramework\SecurityService.Infrastructure.EntityFramework.csproj", "{0DA97B0B-2E7E-4601-8F78-D8AC4F22AB68}"
EndProject
Project("{FAE04EC0-301F-11D3-BF4B-00C04F79EFBC}") = "SecurityService.Infrastructure.Repositories", "src\SecurityService\Infrastructure\SecurityService.Infrastructure.Repositories\SecurityService.Infrastructure.Repositories.csproj", "{A202ACBF-D76B-498C-A2F9-BCD5C9CFC8D0}"
EndProject
Project("{2150E333-8FDC-42A3-9474-1A3956D46DE8}") = "Presentation", "Presentation", "{9C6B3AD7-0B0A-A160-485C-17CCC79A7BE0}"
EndProject
Project("{FAE04EC0-301F-11D3-BF4B-00C04F79EFBC}") = "SecurityService.Presentation.API", "src\SecurityService\Presentation\SecurityService.Presentation.API\SecurityService.Presentation.API.csproj", "{EE429482-537F-4261-B35D-E2825AE5C854}"
EndProject
Project("{2150E333-8FDC-42A3-9474-1A3956D46DE8}") = "SurveyManageService", "SurveyManageService", "{67D074EE-1E3C-04D4-6768-EDB3007F522E}"
EndProject
Project("{2150E333-8FDC-42A3-9474-1A3956D46DE8}") = "Application", "Application", "{E87E5D6D-5F31-CB9B-9807-8021AEEC466A}"
EndProject
Project("{FAE04EC0-301F-11D3-BF4B-00C04F79EFBC}") = "SurveyManageService.Application", "src\SurveyManageService\Application\SurveyManageService.Application\SurveyManageService.Application.csproj", "{D6D4E99C-EE91-47A6-887A-F21ADC37188F}"
EndProject
Project("{2150E333-8FDC-42A3-9474-1A3956D46DE8}") = "Domain", "Domain", "{7C03210F-D75C-11E9-EF3B-D4D0F6D1C7B6}"
EndProject
Project("{FAE04EC0-301F-11D3-BF4B-00C04F79EFBC}") = "SurveyManageService.Domain", "src\SurveyManageService\Domain\SurveyManageService.Domain\SurveyManageService.Domain.csproj", "{26D61D71-2853-410D-977A-359EFA92CBDF}"
EndProject
Project("{FAE04EC0-301F-11D3-BF4B-00C04F79EFBC}") = "SurveyManageService.Domain.Interfaces", "src\SurveyManageService\Domain\SurveyManageService.Domain.Interfaces\SurveyManageService.Domain.Interfaces.csproj", "{AF2FE99D-6A6D-44CD-9338-9EEEEEA1FCBC}"
EndProject
Project("{2150E333-8FDC-42A3-9474-1A3956D46DE8}") = "Infrastructure", "Infrastructure", "{08A66FCD-E137-B99F-525C-8DC95B05789E}"
EndProject
Project("{FAE04EC0-301F-11D3-BF4B-00C04F79EFBC}") = "SurveyManageService.Infrastructure", "src\SurveyManageService\Infrastructure\SurveyManageService.Infrastructure\SurveyManageService.Infrastructure.csproj", "{8D7AB4C8-73AE-43EE-8A13-A1ABC2C05EC9}"
EndProject
Project("{FAE04EC0-301F-11D3-BF4B-00C04F79EFBC}") = "SurveyManageService.Infrastructure.EntityFramework", "src\SurveyManageService\Infrastructure\SurveyManageService.Infrastructure.EntityFramework\SurveyManageService.Infrastructure.EntityFramework.csproj", "{C0383226-9FFB-4DAE-A0E3-F2815C18E65D}"
EndProject
Project("{FAE04EC0-301F-11D3-BF4B-00C04F79EFBC}") = "SurveyManageService.Infrastructure.Repositories", "src\SurveyManageService\Infrastructure\SurveyManageService.Infrastructure.Repositories\SurveyManageService.Infrastructure.Repositories.csproj", "{BF184F4B-EF2E-445E-875E-96A99A3A9C9B}"
EndProject
Project("{2150E333-8FDC-42A3-9474-1A3956D46DE8}") = "Presentation", "Presentation", "{4CB584D2-435A-376D-7157-C55397FA4E41}"
EndProject
Project("{FAE04EC0-301F-11D3-BF4B-00C04F79EFBC}") = "SurveyManageService.Presentation.API", "src\SurveyManageService\Presentation\SurveyManageService.Presentation.API\SurveyManageService.Presentation.API.csproj", "{F2C7556B-9430-47F7-91EC-36CD6792B4BE}"
EndProject
Project("{2150E333-8FDC-42A3-9474-1A3956D46DE8}") = "SurveyResultService", "SurveyResultService", "{AFF55B51-953A-DA20-C2EE-362752DC1B39}"
EndProject
Project("{2150E333-8FDC-42A3-9474-1A3956D46DE8}") = "Application", "Application", "{6FD61242-7D0C-7FE6-A57F-0828FA88D57D}"
EndProject
Project("{FAE04EC0-301F-11D3-BF4B-00C04F79EFBC}") = "SurveyResultService.Application", "src\SurveyResultService\Application\SurveyResultService.Application\SurveyResultService.Application.csproj", "{80AB2670-BD40-428B-A936-2B0660C68768}"
EndProject
Project("{2150E333-8FDC-42A3-9474-1A3956D46DE8}") = "Domain", "Domain", "{8C2A271E-E107-F7EF-EBDD-16A9258AEA03}"
EndProject
Project("{FAE04EC0-301F-11D3-BF4B-00C04F79EFBC}") = "SurveyResultService.Domain", "src\SurveyResultService\Domain\SurveyResultService.Domain\SurveyResultService.Domain.csproj", "{96134877-CA19-4C2E-8A27-A0B786FFEA54}"
EndProject
Project("{FAE04EC0-301F-11D3-BF4B-00C04F79EFBC}") = "SurveyResultService.Domain.Interfaces", "src\SurveyResultService\Domain\SurveyResultService.Domain.Interfaces\SurveyResultService.Domain.Interfaces.csproj", "{F00FD209-DC83-4A71-B1EA-8B965A7D8679}"
EndProject
Project("{2150E333-8FDC-42A3-9474-1A3956D46DE8}") = "Infrastructure", "Infrastructure", "{C68A6A60-4784-412A-BBB3-7D534B6AF1EF}"
EndProject
Project("{FAE04EC0-301F-11D3-BF4B-00C04F79EFBC}") = "SurveyResultService.Infrastructure", "src\SurveyResultService\Infrastructure\SurveyResultService.Infrastructure\SurveyResultService.Infrastructure.csproj", "{F57FA523-6321-4B2D-9FF6-0281D69985F3}"
EndProject
Project("{FAE04EC0-301F-11D3-BF4B-00C04F79EFBC}") = "SurveyResultService.Infrastructure.EntityFramework", "src\SurveyResultService\Infrastructure\SurveyResultService.Infrastructure.EntityFramework\SurveyResultService.Infrastructure.EntityFramework.csproj", "{F86610E5-3EE5-4EC0-ABD5-0C6B3707CB92}"
EndProject
Project("{FAE04EC0-301F-11D3-BF4B-00C04F79EFBC}") = "SurveyResultService.Infrastructure.Repositories", "src\SurveyResultService\Infrastructure\SurveyResultService.Infrastructure.Repositories\SurveyResultService.Infrastructure.Repositories.csproj", "{D179582D-3C43-4C25-8402-94EAD2E1B31D}"
EndProject
Project("{2150E333-8FDC-42A3-9474-1A3956D46DE8}") = "Presentation", "Presentation", "{F578A179-7229-7C10-99D8-09638A1B8618}"
	ProjectSection(SolutionItems) = preProject
		Controllers\.gitkeep = Controllers\.gitkeep
	EndProjectSection
EndProject
Project("{FAE04EC0-301F-11D3-BF4B-00C04F79EFBC}") = "SurveyResultService.Presentation.API", "src\SurveyResultService\Presentation\SurveyResultService.Presentation.API\SurveyResultService.Presentation.API.csproj", "{17157657-811B-410A-87F4-6680C57F4EEE}"
EndProject
Project("{2150E333-8FDC-42A3-9474-1A3956D46DE8}") = "AIAssistantService", "AIAssistantService", "{36D591C7-65C7-A0D1-1CBC-10CDE441BDC8}"
EndProject
Project("{2150E333-8FDC-42A3-9474-1A3956D46DE8}") = "Application", "Application", "{8C71235B-C854-42B5-BDC0-45932592E4D7}"
EndProject
Project("{2150E333-8FDC-42A3-9474-1A3956D46DE8}") = "Domain", "Domain", "{36A9868B-7E05-4803-A616-4340231D9954}"
EndProject
Project("{2150E333-8FDC-42A3-9474-1A3956D46DE8}") = "Infrastructure", "Infrastructure", "{21007868-2293-45E5-B027-2BFEA96A61AC}"
EndProject
Project("{2150E333-8FDC-42A3-9474-1A3956D46DE8}") = "Presentation", "Presentation", "{32BEF2B4-1D14-47FC-B8D7-58ABFC401C92}"
EndProject
Project("{FAE04EC0-301F-11D3-BF4B-00C04F79EFBC}") = "AIAssistantService.Presentation.API", "src\AIAssistantService\Presentation\AIAssistantService.Presentation.API\AIAssistantService.Presentation.API.csproj", "{E6547F60-670B-409F-BDA7-36AE25BA878A}"
EndProject
Project("{FAE04EC0-301F-11D3-BF4B-00C04F79EFBC}") = "AIAssistantService.Domain", "src\AIAssistantService\Domain\AIAssistantService.Domain\AIAssistantService.Domain.csproj", "{7884C2A9-B2B8-454C-B15C-ED5FFADE0A42}"
EndProject
Project("{FAE04EC0-301F-11D3-BF4B-00C04F79EFBC}") = "AIAssistantService.Domain.Interfaces", "src\AIAssistantService\Domain\AIAssistantService.Domain.Interfaces\AIAssistantService.Domain.Interfaces.csproj", "{F8B5FBB0-25AA-4384-B3E3-E99829D38689}"
EndProject
Project("{FAE04EC0-301F-11D3-BF4B-00C04F79EFBC}") = "AIAssistantService.Application", "src\AIAssistantService\Application\AIAssistantService.Application\AIAssistantService.Application.csproj", "{3442FFCA-882C-48D1-801D-D1ADF86B4C39}"
EndProject
Project("{FAE04EC0-301F-11D3-BF4B-00C04F79EFBC}") = "AIAssistantService.Infrastructure", "src\AIAssistantService\Infrastructure\AIAssistantService.Infrastructure\AIAssistantService.Infrastructure.csproj", "{D356CC7C-0F3D-4D47-AE9D-1C6A5BF0C89B}"
EndProject
Global
	GlobalSection(SolutionConfigurationPlatforms) = preSolution
		Debug|Any CPU = Debug|Any CPU
		Debug|x64 = Debug|x64
		Debug|x86 = Debug|x86
		Release|Any CPU = Release|Any CPU
		Release|x64 = Release|x64
		Release|x86 = Release|x86
	EndGlobalSection
	GlobalSection(ProjectConfigurationPlatforms) = postSolution
		{68AA6086-F146-487D-A990-BE210D15E98D}.Debug|Any CPU.ActiveCfg = Debug|Any CPU
		{68AA6086-F146-487D-A990-BE210D15E98D}.Debug|Any CPU.Build.0 = Debug|Any CPU
		{68AA6086-F146-487D-A990-BE210D15E98D}.Debug|x64.ActiveCfg = Debug|Any CPU
		{68AA6086-F146-487D-A990-BE210D15E98D}.Debug|x64.Build.0 = Debug|Any CPU
		{68AA6086-F146-487D-A990-BE210D15E98D}.Debug|x86.ActiveCfg = Debug|Any CPU
		{68AA6086-F146-487D-A990-BE210D15E98D}.Debug|x86.Build.0 = Debug|Any CPU
		{68AA6086-F146-487D-A990-BE210D15E98D}.Release|Any CPU.ActiveCfg = Release|Any CPU
		{68AA6086-F146-487D-A990-BE210D15E98D}.Release|Any CPU.Build.0 = Release|Any CPU
		{68AA6086-F146-487D-A990-BE210D15E98D}.Release|x64.ActiveCfg = Release|Any CPU
		{68AA6086-F146-487D-A990-BE210D15E98D}.Release|x64.Build.0 = Release|Any CPU
		{68AA6086-F146-487D-A990-BE210D15E98D}.Release|x86.ActiveCfg = Release|Any CPU
		{68AA6086-F146-487D-A990-BE210D15E98D}.Release|x86.Build.0 = Release|Any CPU
		{8356DF1F-C486-4C1C-BA19-C04323537904}.Debug|Any CPU.ActiveCfg = Debug|Any CPU
		{8356DF1F-C486-4C1C-BA19-C04323537904}.Debug|Any CPU.Build.0 = Debug|Any CPU
		{8356DF1F-C486-4C1C-BA19-C04323537904}.Debug|x64.ActiveCfg = Debug|Any CPU
		{8356DF1F-C486-4C1C-BA19-C04323537904}.Debug|x64.Build.0 = Debug|Any CPU
		{8356DF1F-C486-4C1C-BA19-C04323537904}.Debug|x86.ActiveCfg = Debug|Any CPU
		{8356DF1F-C486-4C1C-BA19-C04323537904}.Debug|x86.Build.0 = Debug|Any CPU
		{8356DF1F-C486-4C1C-BA19-C04323537904}.Release|Any CPU.ActiveCfg = Release|Any CPU
		{8356DF1F-C486-4C1C-BA19-C04323537904}.Release|Any CPU.Build.0 = Release|Any CPU
		{8356DF1F-C486-4C1C-BA19-C04323537904}.Release|x64.ActiveCfg = Release|Any CPU
		{8356DF1F-C486-4C1C-BA19-C04323537904}.Release|x64.Build.0 = Release|Any CPU
		{8356DF1F-C486-4C1C-BA19-C04323537904}.Release|x86.ActiveCfg = Release|Any CPU
		{8356DF1F-C486-4C1C-BA19-C04323537904}.Release|x86.Build.0 = Release|Any CPU
		{CF180FAE-7E66-40CF-BEE6-E7CFFFCCCBA9}.Debug|Any CPU.ActiveCfg = Debug|Any CPU
		{CF180FAE-7E66-40CF-BEE6-E7CFFFCCCBA9}.Debug|Any CPU.Build.0 = Debug|Any CPU
		{CF180FAE-7E66-40CF-BEE6-E7CFFFCCCBA9}.Debug|x64.ActiveCfg = Debug|Any CPU
		{CF180FAE-7E66-40CF-BEE6-E7CFFFCCCBA9}.Debug|x64.Build.0 = Debug|Any CPU
		{CF180FAE-7E66-40CF-BEE6-E7CFFFCCCBA9}.Debug|x86.ActiveCfg = Debug|Any CPU
		{CF180FAE-7E66-40CF-BEE6-E7CFFFCCCBA9}.Debug|x86.Build.0 = Debug|Any CPU
		{CF180FAE-7E66-40CF-BEE6-E7CFFFCCCBA9}.Release|Any CPU.ActiveCfg = Release|Any CPU
		{CF180FAE-7E66-40CF-BEE6-E7CFFFCCCBA9}.Release|Any CPU.Build.0 = Release|Any CPU
		{CF180FAE-7E66-40CF-BEE6-E7CFFFCCCBA9}.Release|x64.ActiveCfg = Release|Any CPU
		{CF180FAE-7E66-40CF-BEE6-E7CFFFCCCBA9}.Release|x64.Build.0 = Release|Any CPU
		{CF180FAE-7E66-40CF-BEE6-E7CFFFCCCBA9}.Release|x86.ActiveCfg = Release|Any CPU
		{CF180FAE-7E66-40CF-BEE6-E7CFFFCCCBA9}.Release|x86.Build.0 = Release|Any CPU
		{9013B3BE-11A7-4A0A-BFB8-0DACF8FAD414}.Debug|Any CPU.ActiveCfg = Debug|Any CPU
		{9013B3BE-11A7-4A0A-BFB8-0DACF8FAD414}.Debug|Any CPU.Build.0 = Debug|Any CPU
		{9013B3BE-11A7-4A0A-BFB8-0DACF8FAD414}.Debug|x64.ActiveCfg = Debug|Any CPU
		{9013B3BE-11A7-4A0A-BFB8-0DACF8FAD414}.Debug|x64.Build.0 = Debug|Any CPU
		{9013B3BE-11A7-4A0A-BFB8-0DACF8FAD414}.Debug|x86.ActiveCfg = Debug|Any CPU
		{9013B3BE-11A7-4A0A-BFB8-0DACF8FAD414}.Debug|x86.Build.0 = Debug|Any CPU
		{9013B3BE-11A7-4A0A-BFB8-0DACF8FAD414}.Release|Any CPU.ActiveCfg = Release|Any CPU
		{9013B3BE-11A7-4A0A-BFB8-0DACF8FAD414}.Release|Any CPU.Build.0 = Release|Any CPU
		{9013B3BE-11A7-4A0A-BFB8-0DACF8FAD414}.Release|x64.ActiveCfg = Release|Any CPU
		{9013B3BE-11A7-4A0A-BFB8-0DACF8FAD414}.Release|x64.Build.0 = Release|Any CPU
		{9013B3BE-11A7-4A0A-BFB8-0DACF8FAD414}.Release|x86.ActiveCfg = Release|Any CPU
		{9013B3BE-11A7-4A0A-BFB8-0DACF8FAD414}.Release|x86.Build.0 = Release|Any CPU
		{0DA97B0B-2E7E-4601-8F78-D8AC4F22AB68}.Debug|Any CPU.ActiveCfg = Debug|Any CPU
		{0DA97B0B-2E7E-4601-8F78-D8AC4F22AB68}.Debug|Any CPU.Build.0 = Debug|Any CPU
		{0DA97B0B-2E7E-4601-8F78-D8AC4F22AB68}.Debug|x64.ActiveCfg = Debug|Any CPU
		{0DA97B0B-2E7E-4601-8F78-D8AC4F22AB68}.Debug|x64.Build.0 = Debug|Any CPU
		{0DA97B0B-2E7E-4601-8F78-D8AC4F22AB68}.Debug|x86.ActiveCfg = Debug|Any CPU
		{0DA97B0B-2E7E-4601-8F78-D8AC4F22AB68}.Debug|x86.Build.0 = Debug|Any CPU
		{0DA97B0B-2E7E-4601-8F78-D8AC4F22AB68}.Release|Any CPU.ActiveCfg = Release|Any CPU
		{0DA97B0B-2E7E-4601-8F78-D8AC4F22AB68}.Release|Any CPU.Build.0 = Release|Any CPU
		{0DA97B0B-2E7E-4601-8F78-D8AC4F22AB68}.Release|x64.ActiveCfg = Release|Any CPU
		{0DA97B0B-2E7E-4601-8F78-D8AC4F22AB68}.Release|x64.Build.0 = Release|Any CPU
		{0DA97B0B-2E7E-4601-8F78-D8AC4F22AB68}.Release|x86.ActiveCfg = Release|Any CPU
		{0DA97B0B-2E7E-4601-8F78-D8AC4F22AB68}.Release|x86.Build.0 = Release|Any CPU
		{A202ACBF-D76B-498C-A2F9-BCD5C9CFC8D0}.Debug|Any CPU.ActiveCfg = Debug|Any CPU
		{A202ACBF-D76B-498C-A2F9-BCD5C9CFC8D0}.Debug|Any CPU.Build.0 = Debug|Any CPU
		{A202ACBF-D76B-498C-A2F9-BCD5C9CFC8D0}.Debug|x64.ActiveCfg = Debug|Any CPU
		{A202ACBF-D76B-498C-A2F9-BCD5C9CFC8D0}.Debug|x64.Build.0 = Debug|Any CPU
		{A202ACBF-D76B-498C-A2F9-BCD5C9CFC8D0}.Debug|x86.ActiveCfg = Debug|Any CPU
		{A202ACBF-D76B-498C-A2F9-BCD5C9CFC8D0}.Debug|x86.Build.0 = Debug|Any CPU
		{A202ACBF-D76B-498C-A2F9-BCD5C9CFC8D0}.Release|Any CPU.ActiveCfg = Release|Any CPU
		{A202ACBF-D76B-498C-A2F9-BCD5C9CFC8D0}.Release|Any CPU.Build.0 = Release|Any CPU
		{A202ACBF-D76B-498C-A2F9-BCD5C9CFC8D0}.Release|x64.ActiveCfg = Release|Any CPU
		{A202ACBF-D76B-498C-A2F9-BCD5C9CFC8D0}.Release|x64.Build.0 = Release|Any CPU
		{A202ACBF-D76B-498C-A2F9-BCD5C9CFC8D0}.Release|x86.ActiveCfg = Release|Any CPU
		{A202ACBF-D76B-498C-A2F9-BCD5C9CFC8D0}.Release|x86.Build.0 = Release|Any CPU
		{EE429482-537F-4261-B35D-E2825AE5C854}.Debug|Any CPU.ActiveCfg = Debug|Any CPU
		{EE429482-537F-4261-B35D-E2825AE5C854}.Debug|Any CPU.Build.0 = Debug|Any CPU
		{EE429482-537F-4261-B35D-E2825AE5C854}.Debug|x64.ActiveCfg = Debug|Any CPU
		{EE429482-537F-4261-B35D-E2825AE5C854}.Debug|x64.Build.0 = Debug|Any CPU
		{EE429482-537F-4261-B35D-E2825AE5C854}.Debug|x86.ActiveCfg = Debug|Any CPU
		{EE429482-537F-4261-B35D-E2825AE5C854}.Debug|x86.Build.0 = Debug|Any CPU
		{EE429482-537F-4261-B35D-E2825AE5C854}.Release|Any CPU.ActiveCfg = Release|Any CPU
		{EE429482-537F-4261-B35D-E2825AE5C854}.Release|Any CPU.Build.0 = Release|Any CPU
		{EE429482-537F-4261-B35D-E2825AE5C854}.Release|x64.ActiveCfg = Release|Any CPU
		{EE429482-537F-4261-B35D-E2825AE5C854}.Release|x64.Build.0 = Release|Any CPU
		{EE429482-537F-4261-B35D-E2825AE5C854}.Release|x86.ActiveCfg = Release|Any CPU
		{EE429482-537F-4261-B35D-E2825AE5C854}.Release|x86.Build.0 = Release|Any CPU
		{D6D4E99C-EE91-47A6-887A-F21ADC37188F}.Debug|Any CPU.ActiveCfg = Debug|Any CPU
		{D6D4E99C-EE91-47A6-887A-F21ADC37188F}.Debug|Any CPU.Build.0 = Debug|Any CPU
		{D6D4E99C-EE91-47A6-887A-F21ADC37188F}.Debug|x64.ActiveCfg = Debug|Any CPU
		{D6D4E99C-EE91-47A6-887A-F21ADC37188F}.Debug|x64.Build.0 = Debug|Any CPU
		{D6D4E99C-EE91-47A6-887A-F21ADC37188F}.Debug|x86.ActiveCfg = Debug|Any CPU
		{D6D4E99C-EE91-47A6-887A-F21ADC37188F}.Debug|x86.Build.0 = Debug|Any CPU
		{D6D4E99C-EE91-47A6-887A-F21ADC37188F}.Release|Any CPU.ActiveCfg = Release|Any CPU
		{D6D4E99C-EE91-47A6-887A-F21ADC37188F}.Release|Any CPU.Build.0 = Release|Any CPU
		{D6D4E99C-EE91-47A6-887A-F21ADC37188F}.Release|x64.ActiveCfg = Release|Any CPU
		{D6D4E99C-EE91-47A6-887A-F21ADC37188F}.Release|x64.Build.0 = Release|Any CPU
		{D6D4E99C-EE91-47A6-887A-F21ADC37188F}.Release|x86.ActiveCfg = Release|Any CPU
		{D6D4E99C-EE91-47A6-887A-F21ADC37188F}.Release|x86.Build.0 = Release|Any CPU
		{26D61D71-2853-410D-977A-359EFA92CBDF}.Debug|Any CPU.ActiveCfg = Debug|Any CPU
		{26D61D71-2853-410D-977A-359EFA92CBDF}.Debug|Any CPU.Build.0 = Debug|Any CPU
		{26D61D71-2853-410D-977A-359EFA92CBDF}.Debug|x64.ActiveCfg = Debug|Any CPU
		{26D61D71-2853-410D-977A-359EFA92CBDF}.Debug|x64.Build.0 = Debug|Any CPU
		{26D61D71-2853-410D-977A-359EFA92CBDF}.Debug|x86.ActiveCfg = Debug|Any CPU
		{26D61D71-2853-410D-977A-359EFA92CBDF}.Debug|x86.Build.0 = Debug|Any CPU
		{26D61D71-2853-410D-977A-359EFA92CBDF}.Release|Any CPU.ActiveCfg = Release|Any CPU
		{26D61D71-2853-410D-977A-359EFA92CBDF}.Release|Any CPU.Build.0 = Release|Any CPU
		{26D61D71-2853-410D-977A-359EFA92CBDF}.Release|x64.ActiveCfg = Release|Any CPU
		{26D61D71-2853-410D-977A-359EFA92CBDF}.Release|x64.Build.0 = Release|Any CPU
		{26D61D71-2853-410D-977A-359EFA92CBDF}.Release|x86.ActiveCfg = Release|Any CPU
		{26D61D71-2853-410D-977A-359EFA92CBDF}.Release|x86.Build.0 = Release|Any CPU
		{AF2FE99D-6A6D-44CD-9338-9EEEEEA1FCBC}.Debug|Any CPU.ActiveCfg = Debug|Any CPU
		{AF2FE99D-6A6D-44CD-9338-9EEEEEA1FCBC}.Debug|Any CPU.Build.0 = Debug|Any CPU
		{AF2FE99D-6A6D-44CD-9338-9EEEEEA1FCBC}.Debug|x64.ActiveCfg = Debug|Any CPU
		{AF2FE99D-6A6D-44CD-9338-9EEEEEA1FCBC}.Debug|x64.Build.0 = Debug|Any CPU
		{AF2FE99D-6A6D-44CD-9338-9EEEEEA1FCBC}.Debug|x86.ActiveCfg = Debug|Any CPU
		{AF2FE99D-6A6D-44CD-9338-9EEEEEA1FCBC}.Debug|x86.Build.0 = Debug|Any CPU
		{AF2FE99D-6A6D-44CD-9338-9EEEEEA1FCBC}.Release|Any CPU.ActiveCfg = Release|Any CPU
		{AF2FE99D-6A6D-44CD-9338-9EEEEEA1FCBC}.Release|Any CPU.Build.0 = Release|Any CPU
		{AF2FE99D-6A6D-44CD-9338-9EEEEEA1FCBC}.Release|x64.ActiveCfg = Release|Any CPU
		{AF2FE99D-6A6D-44CD-9338-9EEEEEA1FCBC}.Release|x64.Build.0 = Release|Any CPU
		{AF2FE99D-6A6D-44CD-9338-9EEEEEA1FCBC}.Release|x86.ActiveCfg = Release|Any CPU
		{AF2FE99D-6A6D-44CD-9338-9EEEEEA1FCBC}.Release|x86.Build.0 = Release|Any CPU
		{8D7AB4C8-73AE-43EE-8A13-A1ABC2C05EC9}.Debug|Any CPU.ActiveCfg = Debug|Any CPU
		{8D7AB4C8-73AE-43EE-8A13-A1ABC2C05EC9}.Debug|Any CPU.Build.0 = Debug|Any CPU
		{8D7AB4C8-73AE-43EE-8A13-A1ABC2C05EC9}.Debug|x64.ActiveCfg = Debug|Any CPU
		{8D7AB4C8-73AE-43EE-8A13-A1ABC2C05EC9}.Debug|x64.Build.0 = Debug|Any CPU
		{8D7AB4C8-73AE-43EE-8A13-A1ABC2C05EC9}.Debug|x86.ActiveCfg = Debug|Any CPU
		{8D7AB4C8-73AE-43EE-8A13-A1ABC2C05EC9}.Debug|x86.Build.0 = Debug|Any CPU
		{8D7AB4C8-73AE-43EE-8A13-A1ABC2C05EC9}.Release|Any CPU.ActiveCfg = Release|Any CPU
		{8D7AB4C8-73AE-43EE-8A13-A1ABC2C05EC9}.Release|Any CPU.Build.0 = Release|Any CPU
		{8D7AB4C8-73AE-43EE-8A13-A1ABC2C05EC9}.Release|x64.ActiveCfg = Release|Any CPU
		{8D7AB4C8-73AE-43EE-8A13-A1ABC2C05EC9}.Release|x64.Build.0 = Release|Any CPU
		{8D7AB4C8-73AE-43EE-8A13-A1ABC2C05EC9}.Release|x86.ActiveCfg = Release|Any CPU
		{8D7AB4C8-73AE-43EE-8A13-A1ABC2C05EC9}.Release|x86.Build.0 = Release|Any CPU
		{C0383226-9FFB-4DAE-A0E3-F2815C18E65D}.Debug|Any CPU.ActiveCfg = Debug|Any CPU
		{C0383226-9FFB-4DAE-A0E3-F2815C18E65D}.Debug|Any CPU.Build.0 = Debug|Any CPU
		{C0383226-9FFB-4DAE-A0E3-F2815C18E65D}.Debug|x64.ActiveCfg = Debug|Any CPU
		{C0383226-9FFB-4DAE-A0E3-F2815C18E65D}.Debug|x64.Build.0 = Debug|Any CPU
		{C0383226-9FFB-4DAE-A0E3-F2815C18E65D}.Debug|x86.ActiveCfg = Debug|Any CPU
		{C0383226-9FFB-4DAE-A0E3-F2815C18E65D}.Debug|x86.Build.0 = Debug|Any CPU
		{C0383226-9FFB-4DAE-A0E3-F2815C18E65D}.Release|Any CPU.ActiveCfg = Release|Any CPU
		{C0383226-9FFB-4DAE-A0E3-F2815C18E65D}.Release|Any CPU.Build.0 = Release|Any CPU
		{C0383226-9FFB-4DAE-A0E3-F2815C18E65D}.Release|x64.ActiveCfg = Release|Any CPU
		{C0383226-9FFB-4DAE-A0E3-F2815C18E65D}.Release|x64.Build.0 = Release|Any CPU
		{C0383226-9FFB-4DAE-A0E3-F2815C18E65D}.Release|x86.ActiveCfg = Release|Any CPU
		{C0383226-9FFB-4DAE-A0E3-F2815C18E65D}.Release|x86.Build.0 = Release|Any CPU
		{BF184F4B-EF2E-445E-875E-96A99A3A9C9B}.Debug|Any CPU.ActiveCfg = Debug|Any CPU
		{BF184F4B-EF2E-445E-875E-96A99A3A9C9B}.Debug|Any CPU.Build.0 = Debug|Any CPU
		{BF184F4B-EF2E-445E-875E-96A99A3A9C9B}.Debug|x64.ActiveCfg = Debug|Any CPU
		{BF184F4B-EF2E-445E-875E-96A99A3A9C9B}.Debug|x64.Build.0 = Debug|Any CPU
		{BF184F4B-EF2E-445E-875E-96A99A3A9C9B}.Debug|x86.ActiveCfg = Debug|Any CPU
		{BF184F4B-EF2E-445E-875E-96A99A3A9C9B}.Debug|x86.Build.0 = Debug|Any CPU
		{BF184F4B-EF2E-445E-875E-96A99A3A9C9B}.Release|Any CPU.ActiveCfg = Release|Any CPU
		{BF184F4B-EF2E-445E-875E-96A99A3A9C9B}.Release|Any CPU.Build.0 = Release|Any CPU
		{BF184F4B-EF2E-445E-875E-96A99A3A9C9B}.Release|x64.ActiveCfg = Release|Any CPU
		{BF184F4B-EF2E-445E-875E-96A99A3A9C9B}.Release|x64.Build.0 = Release|Any CPU
		{BF184F4B-EF2E-445E-875E-96A99A3A9C9B}.Release|x86.ActiveCfg = Release|Any CPU
		{BF184F4B-EF2E-445E-875E-96A99A3A9C9B}.Release|x86.Build.0 = Release|Any CPU
		{F2C7556B-9430-47F7-91EC-36CD6792B4BE}.Debug|Any CPU.ActiveCfg = Debug|Any CPU
		{F2C7556B-9430-47F7-91EC-36CD6792B4BE}.Debug|Any CPU.Build.0 = Debug|Any CPU
		{F2C7556B-9430-47F7-91EC-36CD6792B4BE}.Debug|x64.ActiveCfg = Debug|Any CPU
		{F2C7556B-9430-47F7-91EC-36CD6792B4BE}.Debug|x64.Build.0 = Debug|Any CPU
		{F2C7556B-9430-47F7-91EC-36CD6792B4BE}.Debug|x86.ActiveCfg = Debug|Any CPU
		{F2C7556B-9430-47F7-91EC-36CD6792B4BE}.Debug|x86.Build.0 = Debug|Any CPU
		{F2C7556B-9430-47F7-91EC-36CD6792B4BE}.Release|Any CPU.ActiveCfg = Release|Any CPU
		{F2C7556B-9430-47F7-91EC-36CD6792B4BE}.Release|Any CPU.Build.0 = Release|Any CPU
		{F2C7556B-9430-47F7-91EC-36CD6792B4BE}.Release|x64.ActiveCfg = Release|Any CPU
		{F2C7556B-9430-47F7-91EC-36CD6792B4BE}.Release|x64.Build.0 = Release|Any CPU
		{F2C7556B-9430-47F7-91EC-36CD6792B4BE}.Release|x86.ActiveCfg = Release|Any CPU
		{F2C7556B-9430-47F7-91EC-36CD6792B4BE}.Release|x86.Build.0 = Release|Any CPU
		{80AB2670-BD40-428B-A936-2B0660C68768}.Debug|Any CPU.ActiveCfg = Debug|Any CPU
		{80AB2670-BD40-428B-A936-2B0660C68768}.Debug|Any CPU.Build.0 = Debug|Any CPU
		{80AB2670-BD40-428B-A936-2B0660C68768}.Debug|x64.ActiveCfg = Debug|Any CPU
		{80AB2670-BD40-428B-A936-2B0660C68768}.Debug|x64.Build.0 = Debug|Any CPU
		{80AB2670-BD40-428B-A936-2B0660C68768}.Debug|x86.ActiveCfg = Debug|Any CPU
		{80AB2670-BD40-428B-A936-2B0660C68768}.Debug|x86.Build.0 = Debug|Any CPU
		{80AB2670-BD40-428B-A936-2B0660C68768}.Release|Any CPU.ActiveCfg = Release|Any CPU
		{80AB2670-BD40-428B-A936-2B0660C68768}.Release|Any CPU.Build.0 = Release|Any CPU
		{80AB2670-BD40-428B-A936-2B0660C68768}.Release|x64.ActiveCfg = Release|Any CPU
		{80AB2670-BD40-428B-A936-2B0660C68768}.Release|x64.Build.0 = Release|Any CPU
		{80AB2670-BD40-428B-A936-2B0660C68768}.Release|x86.ActiveCfg = Release|Any CPU
		{80AB2670-BD40-428B-A936-2B0660C68768}.Release|x86.Build.0 = Release|Any CPU
		{96134877-CA19-4C2E-8A27-A0B786FFEA54}.Debug|Any CPU.ActiveCfg = Debug|Any CPU
		{96134877-CA19-4C2E-8A27-A0B786FFEA54}.Debug|Any CPU.Build.0 = Debug|Any CPU
		{96134877-CA19-4C2E-8A27-A0B786FFEA54}.Debug|x64.ActiveCfg = Debug|Any CPU
		{96134877-CA19-4C2E-8A27-A0B786FFEA54}.Debug|x64.Build.0 = Debug|Any CPU
		{96134877-CA19-4C2E-8A27-A0B786FFEA54}.Debug|x86.ActiveCfg = Debug|Any CPU
		{96134877-CA19-4C2E-8A27-A0B786FFEA54}.Debug|x86.Build.0 = Debug|Any CPU
		{96134877-CA19-4C2E-8A27-A0B786FFEA54}.Release|Any CPU.ActiveCfg = Release|Any CPU
		{96134877-CA19-4C2E-8A27-A0B786FFEA54}.Release|Any CPU.Build.0 = Release|Any CPU
		{96134877-CA19-4C2E-8A27-A0B786FFEA54}.Release|x64.ActiveCfg = Release|Any CPU
		{96134877-CA19-4C2E-8A27-A0B786FFEA54}.Release|x64.Build.0 = Release|Any CPU
		{96134877-CA19-4C2E-8A27-A0B786FFEA54}.Release|x86.ActiveCfg = Release|Any CPU
		{96134877-CA19-4C2E-8A27-A0B786FFEA54}.Release|x86.Build.0 = Release|Any CPU
		{F00FD209-DC83-4A71-B1EA-8B965A7D8679}.Debug|Any CPU.ActiveCfg = Debug|Any CPU
		{F00FD209-DC83-4A71-B1EA-8B965A7D8679}.Debug|Any CPU.Build.0 = Debug|Any CPU
		{F00FD209-DC83-4A71-B1EA-8B965A7D8679}.Debug|x64.ActiveCfg = Debug|Any CPU
		{F00FD209-DC83-4A71-B1EA-8B965A7D8679}.Debug|x64.Build.0 = Debug|Any CPU
		{F00FD209-DC83-4A71-B1EA-8B965A7D8679}.Debug|x86.ActiveCfg = Debug|Any CPU
		{F00FD209-DC83-4A71-B1EA-8B965A7D8679}.Debug|x86.Build.0 = Debug|Any CPU
		{F00FD209-DC83-4A71-B1EA-8B965A7D8679}.Release|Any CPU.ActiveCfg = Release|Any CPU
		{F00FD209-DC83-4A71-B1EA-8B965A7D8679}.Release|Any CPU.Build.0 = Release|Any CPU
		{F00FD209-DC83-4A71-B1EA-8B965A7D8679}.Release|x64.ActiveCfg = Release|Any CPU
		{F00FD209-DC83-4A71-B1EA-8B965A7D8679}.Release|x64.Build.0 = Release|Any CPU
		{F00FD209-DC83-4A71-B1EA-8B965A7D8679}.Release|x86.ActiveCfg = Release|Any CPU
		{F00FD209-DC83-4A71-B1EA-8B965A7D8679}.Release|x86.Build.0 = Release|Any CPU
		{F57FA523-6321-4B2D-9FF6-0281D69985F3}.Debug|Any CPU.ActiveCfg = Debug|Any CPU
		{F57FA523-6321-4B2D-9FF6-0281D69985F3}.Debug|Any CPU.Build.0 = Debug|Any CPU
		{F57FA523-6321-4B2D-9FF6-0281D69985F3}.Debug|x64.ActiveCfg = Debug|Any CPU
		{F57FA523-6321-4B2D-9FF6-0281D69985F3}.Debug|x64.Build.0 = Debug|Any CPU
		{F57FA523-6321-4B2D-9FF6-0281D69985F3}.Debug|x86.ActiveCfg = Debug|Any CPU
		{F57FA523-6321-4B2D-9FF6-0281D69985F3}.Debug|x86.Build.0 = Debug|Any CPU
		{F57FA523-6321-4B2D-9FF6-0281D69985F3}.Release|Any CPU.ActiveCfg = Release|Any CPU
		{F57FA523-6321-4B2D-9FF6-0281D69985F3}.Release|Any CPU.Build.0 = Release|Any CPU
		{F57FA523-6321-4B2D-9FF6-0281D69985F3}.Release|x64.ActiveCfg = Release|Any CPU
		{F57FA523-6321-4B2D-9FF6-0281D69985F3}.Release|x64.Build.0 = Release|Any CPU
		{F57FA523-6321-4B2D-9FF6-0281D69985F3}.Release|x86.ActiveCfg = Release|Any CPU
		{F57FA523-6321-4B2D-9FF6-0281D69985F3}.Release|x86.Build.0 = Release|Any CPU
		{F86610E5-3EE5-4EC0-ABD5-0C6B3707CB92}.Debug|Any CPU.ActiveCfg = Debug|Any CPU
		{F86610E5-3EE5-4EC0-ABD5-0C6B3707CB92}.Debug|Any CPU.Build.0 = Debug|Any CPU
		{F86610E5-3EE5-4EC0-ABD5-0C6B3707CB92}.Debug|x64.ActiveCfg = Debug|Any CPU
		{F86610E5-3EE5-4EC0-ABD5-0C6B3707CB92}.Debug|x64.Build.0 = Debug|Any CPU
		{F86610E5-3EE5-4EC0-ABD5-0C6B3707CB92}.Debug|x86.ActiveCfg = Debug|Any CPU
		{F86610E5-3EE5-4EC0-ABD5-0C6B3707CB92}.Debug|x86.Build.0 = Debug|Any CPU
		{F86610E5-3EE5-4EC0-ABD5-0C6B3707CB92}.Release|Any CPU.ActiveCfg = Release|Any CPU
		{F86610E5-3EE5-4EC0-ABD5-0C6B3707CB92}.Release|Any CPU.Build.0 = Release|Any CPU
		{F86610E5-3EE5-4EC0-ABD5-0C6B3707CB92}.Release|x64.ActiveCfg = Release|Any CPU
		{F86610E5-3EE5-4EC0-ABD5-0C6B3707CB92}.Release|x64.Build.0 = Release|Any CPU
		{F86610E5-3EE5-4EC0-ABD5-0C6B3707CB92}.Release|x86.ActiveCfg = Release|Any CPU
		{F86610E5-3EE5-4EC0-ABD5-0C6B3707CB92}.Release|x86.Build.0 = Release|Any CPU
		{D179582D-3C43-4C25-8402-94EAD2E1B31D}.Debug|Any CPU.ActiveCfg = Debug|Any CPU
		{D179582D-3C43-4C25-8402-94EAD2E1B31D}.Debug|Any CPU.Build.0 = Debug|Any CPU
		{D179582D-3C43-4C25-8402-94EAD2E1B31D}.Debug|x64.ActiveCfg = Debug|Any CPU
		{D179582D-3C43-4C25-8402-94EAD2E1B31D}.Debug|x64.Build.0 = Debug|Any CPU
		{D179582D-3C43-4C25-8402-94EAD2E1B31D}.Debug|x86.ActiveCfg = Debug|Any CPU
		{D179582D-3C43-4C25-8402-94EAD2E1B31D}.Debug|x86.Build.0 = Debug|Any CPU
		{D179582D-3C43-4C25-8402-94EAD2E1B31D}.Release|Any CPU.ActiveCfg = Release|Any CPU
		{D179582D-3C43-4C25-8402-94EAD2E1B31D}.Release|Any CPU.Build.0 = Release|Any CPU
		{D179582D-3C43-4C25-8402-94EAD2E1B31D}.Release|x64.ActiveCfg = Release|Any CPU
		{D179582D-3C43-4C25-8402-94EAD2E1B31D}.Release|x64.Build.0 = Release|Any CPU
		{D179582D-3C43-4C25-8402-94EAD2E1B31D}.Release|x86.ActiveCfg = Release|Any CPU
		{D179582D-3C43-4C25-8402-94EAD2E1B31D}.Release|x86.Build.0 = Release|Any CPU
		{17157657-811B-410A-87F4-6680C57F4EEE}.Debug|Any CPU.ActiveCfg = Debug|Any CPU
		{17157657-811B-410A-87F4-6680C57F4EEE}.Debug|Any CPU.Build.0 = Debug|Any CPU
		{17157657-811B-410A-87F4-6680C57F4EEE}.Debug|x64.ActiveCfg = Debug|Any CPU
		{17157657-811B-410A-87F4-6680C57F4EEE}.Debug|x64.Build.0 = Debug|Any CPU
		{17157657-811B-410A-87F4-6680C57F4EEE}.Debug|x86.ActiveCfg = Debug|Any CPU
		{17157657-811B-410A-87F4-6680C57F4EEE}.Debug|x86.Build.0 = Debug|Any CPU
		{17157657-811B-410A-87F4-6680C57F4EEE}.Release|Any CPU.ActiveCfg = Release|Any CPU
		{17157657-811B-410A-87F4-6680C57F4EEE}.Release|Any CPU.Build.0 = Release|Any CPU
		{17157657-811B-410A-87F4-6680C57F4EEE}.Release|x64.ActiveCfg = Release|Any CPU
		{17157657-811B-410A-87F4-6680C57F4EEE}.Release|x64.Build.0 = Release|Any CPU
		{17157657-811B-410A-87F4-6680C57F4EEE}.Release|x86.ActiveCfg = Release|Any CPU
		{17157657-811B-410A-87F4-6680C57F4EEE}.Release|x86.Build.0 = Release|Any CPU
		{E6547F60-670B-409F-BDA7-36AE25BA878A}.Debug|Any CPU.ActiveCfg = Debug|Any CPU
		{E6547F60-670B-409F-BDA7-36AE25BA878A}.Debug|Any CPU.Build.0 = Debug|Any CPU
		{E6547F60-670B-409F-BDA7-36AE25BA878A}.Debug|x64.ActiveCfg = Debug|Any CPU
		{E6547F60-670B-409F-BDA7-36AE25BA878A}.Debug|x64.Build.0 = Debug|Any CPU
		{E6547F60-670B-409F-BDA7-36AE25BA878A}.Debug|x86.ActiveCfg = Debug|Any CPU
		{E6547F60-670B-409F-BDA7-36AE25BA878A}.Debug|x86.Build.0 = Debug|Any CPU
		{E6547F60-670B-409F-BDA7-36AE25BA878A}.Release|Any CPU.ActiveCfg = Release|Any CPU
		{E6547F60-670B-409F-BDA7-36AE25BA878A}.Release|Any CPU.Build.0 = Release|Any CPU
		{E6547F60-670B-409F-BDA7-36AE25BA878A}.Release|x64.ActiveCfg = Release|Any CPU
		{E6547F60-670B-409F-BDA7-36AE25BA878A}.Release|x64.Build.0 = Release|Any CPU
		{E6547F60-670B-409F-BDA7-36AE25BA878A}.Release|x86.ActiveCfg = Release|Any CPU
		{E6547F60-670B-409F-BDA7-36AE25BA878A}.Release|x86.Build.0 = Release|Any CPU
		{7884C2A9-B2B8-454C-B15C-ED5FFADE0A42}.Debug|Any CPU.ActiveCfg = Debug|Any CPU
		{7884C2A9-B2B8-454C-B15C-ED5FFADE0A42}.Debug|Any CPU.Build.0 = Debug|Any CPU
		{7884C2A9-B2B8-454C-B15C-ED5FFADE0A42}.Debug|x64.ActiveCfg = Debug|Any CPU
		{7884C2A9-B2B8-454C-B15C-ED5FFADE0A42}.Debug|x64.Build.0 = Debug|Any CPU
		{7884C2A9-B2B8-454C-B15C-ED5FFADE0A42}.Debug|x86.ActiveCfg = Debug|Any CPU
		{7884C2A9-B2B8-454C-B15C-ED5FFADE0A42}.Debug|x86.Build.0 = Debug|Any CPU
		{7884C2A9-B2B8-454C-B15C-ED5FFADE0A42}.Release|Any CPU.ActiveCfg = Release|Any CPU
		{7884C2A9-B2B8-454C-B15C-ED5FFADE0A42}.Release|Any CPU.Build.0 = Release|Any CPU
		{7884C2A9-B2B8-454C-B15C-ED5FFADE0A42}.Release|x64.ActiveCfg = Release|Any CPU
		{7884C2A9-B2B8-454C-B15C-ED5FFADE0A42}.Release|x64.Build.0 = Release|Any CPU
		{7884C2A9-B2B8-454C-B15C-ED5FFADE0A42}.Release|x86.ActiveCfg = Release|Any CPU
		{7884C2A9-B2B8-454C-B15C-ED5FFADE0A42}.Release|x86.Build.0 = Release|Any CPU
		{F8B5FBB0-25AA-4384-B3E3-E99829D38689}.Debug|Any CPU.ActiveCfg = Debug|Any CPU
		{F8B5FBB0-25AA-4384-B3E3-E99829D38689}.Debug|Any CPU.Build.0 = Debug|Any CPU
		{F8B5FBB0-25AA-4384-B3E3-E99829D38689}.Debug|x64.ActiveCfg = Debug|Any CPU
		{F8B5FBB0-25AA-4384-B3E3-E99829D38689}.Debug|x64.Build.0 = Debug|Any CPU
		{F8B5FBB0-25AA-4384-B3E3-E99829D38689}.Debug|x86.ActiveCfg = Debug|Any CPU
		{F8B5FBB0-25AA-4384-B3E3-E99829D38689}.Debug|x86.Build.0 = Debug|Any CPU
		{F8B5FBB0-25AA-4384-B3E3-E99829D38689}.Release|Any CPU.ActiveCfg = Release|Any CPU
		{F8B5FBB0-25AA-4384-B3E3-E99829D38689}.Release|Any CPU.Build.0 = Release|Any CPU
		{F8B5FBB0-25AA-4384-B3E3-E99829D38689}.Release|x64.ActiveCfg = Release|Any CPU
		{F8B5FBB0-25AA-4384-B3E3-E99829D38689}.Release|x64.Build.0 = Release|Any CPU
		{F8B5FBB0-25AA-4384-B3E3-E99829D38689}.Release|x86.ActiveCfg = Release|Any CPU
		{F8B5FBB0-25AA-4384-B3E3-E99829D38689}.Release|x86.Build.0 = Release|Any CPU
		{3442FFCA-882C-48D1-801D-D1ADF86B4C39}.Debug|Any CPU.ActiveCfg = Debug|Any CPU
		{3442FFCA-882C-48D1-801D-D1ADF86B4C39}.Debug|Any CPU.Build.0 = Debug|Any CPU
		{3442FFCA-882C-48D1-801D-D1ADF86B4C39}.Debug|x64.ActiveCfg = Debug|Any CPU
		{3442FFCA-882C-48D1-801D-D1ADF86B4C39}.Debug|x64.Build.0 = Debug|Any CPU
		{3442FFCA-882C-48D1-801D-D1ADF86B4C39}.Debug|x86.ActiveCfg = Debug|Any CPU
		{3442FFCA-882C-48D1-801D-D1ADF86B4C39}.Debug|x86.Build.0 = Debug|Any CPU
		{3442FFCA-882C-48D1-801D-D1ADF86B4C39}.Release|Any CPU.ActiveCfg = Release|Any CPU
		{3442FFCA-882C-48D1-801D-D1ADF86B4C39}.Release|Any CPU.Build.0 = Release|Any CPU
		{3442FFCA-882C-48D1-801D-D1ADF86B4C39}.Release|x64.ActiveCfg = Release|Any CPU
		{3442FFCA-882C-48D1-801D-D1ADF86B4C39}.Release|x64.Build.0 = Release|Any CPU
		{3442FFCA-882C-48D1-801D-D1ADF86B4C39}.Release|x86.ActiveCfg = Release|Any CPU
		{3442FFCA-882C-48D1-801D-D1ADF86B4C39}.Release|x86.Build.0 = Release|Any CPU
		{D356CC7C-0F3D-4D47-AE9D-1C6A5BF0C89B}.Debug|Any CPU.ActiveCfg = Debug|Any CPU
		{D356CC7C-0F3D-4D47-AE9D-1C6A5BF0C89B}.Debug|Any CPU.Build.0 = Debug|Any CPU
		{D356CC7C-0F3D-4D47-AE9D-1C6A5BF0C89B}.Debug|x64.ActiveCfg = Debug|Any CPU
		{D356CC7C-0F3D-4D47-AE9D-1C6A5BF0C89B}.Debug|x64.Build.0 = Debug|Any CPU
		{D356CC7C-0F3D-4D47-AE9D-1C6A5BF0C89B}.Debug|x86.ActiveCfg = Debug|Any CPU
		{D356CC7C-0F3D-4D47-AE9D-1C6A5BF0C89B}.Debug|x86.Build.0 = Debug|Any CPU
		{D356CC7C-0F3D-4D47-AE9D-1C6A5BF0C89B}.Release|Any CPU.ActiveCfg = Release|Any CPU
		{D356CC7C-0F3D-4D47-AE9D-1C6A5BF0C89B}.Release|Any CPU.Build.0 = Release|Any CPU
		{D356CC7C-0F3D-4D47-AE9D-1C6A5BF0C89B}.Release|x64.ActiveCfg = Release|Any CPU
		{D356CC7C-0F3D-4D47-AE9D-1C6A5BF0C89B}.Release|x64.Build.0 = Release|Any CPU
		{D356CC7C-0F3D-4D47-AE9D-1C6A5BF0C89B}.Release|x86.ActiveCfg = Release|Any CPU
		{D356CC7C-0F3D-4D47-AE9D-1C6A5BF0C89B}.Release|x86.Build.0 = Release|Any CPU
	EndGlobalSection
	GlobalSection(SolutionProperties) = preSolution
		HideSolutionNode = FALSE
	EndGlobalSection
	GlobalSection(NestedProjects) = preSolution
		{108265AA-95DA-60A3-7433-73B388B13BEB} = {827E0CD3-B72D-47B6-A68D-7590B98EB39B}
		{7A92154E-FEE7-2902-952E-022BB85539D7} = {108265AA-95DA-60A3-7433-73B388B13BEB}
		{68AA6086-F146-487D-A990-BE210D15E98D} = {7A92154E-FEE7-2902-952E-022BB85539D7}
		{3F9DB1AE-FD9E-3294-65A4-7AED3A84D593} = {108265AA-95DA-60A3-7433-73B388B13BEB}
		{8356DF1F-C486-4C1C-BA19-C04323537904} = {3F9DB1AE-FD9E-3294-65A4-7AED3A84D593}
		{CF180FAE-7E66-40CF-BEE6-E7CFFFCCCBA9} = {3F9DB1AE-FD9E-3294-65A4-7AED3A84D593}
		{4D4E214C-F2A9-B5F6-D9EE-2B3E9B778915} = {108265AA-95DA-60A3-7433-73B388B13BEB}
		{9013B3BE-11A7-4A0A-BFB8-0DACF8FAD414} = {4D4E214C-F2A9-B5F6-D9EE-2B3E9B778915}
		{0DA97B0B-2E7E-4601-8F78-D8AC4F22AB68} = {4D4E214C-F2A9-B5F6-D9EE-2B3E9B778915}
		{A202ACBF-D76B-498C-A2F9-BCD5C9CFC8D0} = {4D4E214C-F2A9-B5F6-D9EE-2B3E9B778915}
		{9C6B3AD7-0B0A-A160-485C-17CCC79A7BE0} = {108265AA-95DA-60A3-7433-73B388B13BEB}
		{EE429482-537F-4261-B35D-E2825AE5C854} = {9C6B3AD7-0B0A-A160-485C-17CCC79A7BE0}
		{67D074EE-1E3C-04D4-6768-EDB3007F522E} = {827E0CD3-B72D-47B6-A68D-7590B98EB39B}
		{E87E5D6D-5F31-CB9B-9807-8021AEEC466A} = {67D074EE-1E3C-04D4-6768-EDB3007F522E}
		{D6D4E99C-EE91-47A6-887A-F21ADC37188F} = {E87E5D6D-5F31-CB9B-9807-8021AEEC466A}
		{7C03210F-D75C-11E9-EF3B-D4D0F6D1C7B6} = {67D074EE-1E3C-04D4-6768-EDB3007F522E}
		{26D61D71-2853-410D-977A-359EFA92CBDF} = {7C03210F-D75C-11E9-EF3B-D4D0F6D1C7B6}
		{AF2FE99D-6A6D-44CD-9338-9EEEEEA1FCBC} = {7C03210F-D75C-11E9-EF3B-D4D0F6D1C7B6}
		{08A66FCD-E137-B99F-525C-8DC95B05789E} = {67D074EE-1E3C-04D4-6768-EDB3007F522E}
		{8D7AB4C8-73AE-43EE-8A13-A1ABC2C05EC9} = {08A66FCD-E137-B99F-525C-8DC95B05789E}
		{C0383226-9FFB-4DAE-A0E3-F2815C18E65D} = {08A66FCD-E137-B99F-525C-8DC95B05789E}
		{BF184F4B-EF2E-445E-875E-96A99A3A9C9B} = {08A66FCD-E137-B99F-525C-8DC95B05789E}
		{4CB584D2-435A-376D-7157-C55397FA4E41} = {67D074EE-1E3C-04D4-6768-EDB3007F522E}
		{F2C7556B-9430-47F7-91EC-36CD6792B4BE} = {4CB584D2-435A-376D-7157-C55397FA4E41}
		{AFF55B51-953A-DA20-C2EE-362752DC1B39} = {827E0CD3-B72D-47B6-A68D-7590B98EB39B}
		{6FD61242-7D0C-7FE6-A57F-0828FA88D57D} = {AFF55B51-953A-DA20-C2EE-362752DC1B39}
		{80AB2670-BD40-428B-A936-2B0660C68768} = {6FD61242-7D0C-7FE6-A57F-0828FA88D57D}
		{8C2A271E-E107-F7EF-EBDD-16A9258AEA03} = {AFF55B51-953A-DA20-C2EE-362752DC1B39}
		{96134877-CA19-4C2E-8A27-A0B786FFEA54} = {8C2A271E-E107-F7EF-EBDD-16A9258AEA03}
		{F00FD209-DC83-4A71-B1EA-8B965A7D8679} = {8C2A271E-E107-F7EF-EBDD-16A9258AEA03}
		{C68A6A60-4784-412A-BBB3-7D534B6AF1EF} = {AFF55B51-953A-DA20-C2EE-362752DC1B39}
		{F57FA523-6321-4B2D-9FF6-0281D69985F3} = {C68A6A60-4784-412A-BBB3-7D534B6AF1EF}
		{F86610E5-3EE5-4EC0-ABD5-0C6B3707CB92} = {C68A6A60-4784-412A-BBB3-7D534B6AF1EF}
		{D179582D-3C43-4C25-8402-94EAD2E1B31D} = {C68A6A60-4784-412A-BBB3-7D534B6AF1EF}
		{F578A179-7229-7C10-99D8-09638A1B8618} = {AFF55B51-953A-DA20-C2EE-362752DC1B39}
		{17157657-811B-410A-87F4-6680C57F4EEE} = {F578A179-7229-7C10-99D8-09638A1B8618}
		{36D591C7-65C7-A0D1-1CBC-10CDE441BDC8} = {827E0CD3-B72D-47B6-A68D-7590B98EB39B}
		{8C71235B-C854-42B5-BDC0-45932592E4D7} = {36D591C7-65C7-A0D1-1CBC-10CDE441BDC8}
		{36A9868B-7E05-4803-A616-4340231D9954} = {36D591C7-65C7-A0D1-1CBC-10CDE441BDC8}
		{21007868-2293-45E5-B027-2BFEA96A61AC} = {36D591C7-65C7-A0D1-1CBC-10CDE441BDC8}
		{32BEF2B4-1D14-47FC-B8D7-58ABFC401C92} = {36D591C7-65C7-A0D1-1CBC-10CDE441BDC8}
		{E6547F60-670B-409F-BDA7-36AE25BA878A} = {32BEF2B4-1D14-47FC-B8D7-58ABFC401C92}
		{7884C2A9-B2B8-454C-B15C-ED5FFADE0A42} = {36A9868B-7E05-4803-A616-4340231D9954}
		{F8B5FBB0-25AA-4384-B3E3-E99829D38689} = {36A9868B-7E05-4803-A616-4340231D9954}
		{3442FFCA-882C-48D1-801D-D1ADF86B4C39} = {8C71235B-C854-42B5-BDC0-45932592E4D7}
		{D356CC7C-0F3D-4D47-AE9D-1C6A5BF0C89B} = {21007868-2293-45E5-B027-2BFEA96A61AC}
	EndGlobalSection
	GlobalSection(ExtensibilityGlobals) = postSolution
		SolutionGuid = {DD0C7378-0188-46D8-BFDE-88C88CC2A286}
	EndGlobalSection
EndGlobal
